# THIS IS AN AUTOGENERATED FILE. DO NOT EDIT THIS FILE DIRECTLY.
# yarn lockfile v1


"@types/node@^14.14.2":
  version "14.14.2"
  resolved "https://registry.yarnpkg.com/@types/node/-/node-14.14.2.tgz#d25295f9e4ca5989a2c610754dc02a9721235eeb"
  integrity sha512-jeYJU2kl7hL9U5xuI/BhKPZ4vqGM/OmK6whiFAXVhlstzZhVamWhDSmHyGLIp+RVyuF9/d0dqr2P85aFj4BvJg==

reflect-metadata@next:
  version "0.1.9"
  resolved "https://registry.yarnpkg.com/reflect-metadata/-/reflect-metadata-0.1.9.tgz#987238dc87a516895fe457f130435ffbd763a4d4"
  integrity sha1-mHI43IelFolf5FfxMENf+9djpNQ=

typescript@next:
  version "4.1.0-dev.20201022"
  resolved "https://registry.yarnpkg.com/typescript/-/typescript-4.1.0-dev.20201022.tgz#fdb3fc78aace3c1f1e7c9e2ab248df458b27d445"
  integrity sha512-jLWGGSsgH/Mr4BhWMoZNbajQl1szMXWTMC3KTJfmKH6BxxKKd5q1xaYuvYhEIQaucd7TBDHVAcN7E/Cd3wmHaA==
